
Microsoft Visual Studio Solution File, Format Version 12.00
# Visual Studio 15
VisualStudioVersion = 15.0.26228.4
MinimumVisualStudioVersion = 10.0.40219.1
Project("{F184B08F-C81C-45F6-A57F-5ABD9991F28F}") = "ASAMA", "ASAMA\ASAMA.vbproj", "{384DBEA5-F10B-4287-955B-B86BBAB6109E}"
EndProject
Project("{F184B08F-C81C-45F6-A57F-5ABD9991F28F}") = "ASAMA.Tests", "ASAMA.Tests\ASAMA.Tests.vbproj", "{276CEEC2-6833-48CA-B026-06A8529FB0E5}"
EndProject
Global
	GlobalSection(SolutionConfigurationPlatforms) = preSolution
		Debug|Any CPU = Debug|Any CPU
		Release|Any CPU = Release|Any CPU
	EndGlobalSection
	GlobalSection(ProjectConfigurationPlatforms) = postSolution
		{384DBEA5-F10B-4287-955B-B86BBAB6109E}.Debug|Any CPU.ActiveCfg = Debug|Any CPU
		{384DBEA5-F10B-4287-955B-B86BBAB6109E}.Debug|Any CPU.Build.0 = Debug|Any CPU
		{384DBEA5-F10B-4287-955B-B86BBAB6109E}.Release|Any CPU.ActiveCfg = Release|Any CPU
		{384DBEA5-F10B-4287-955B-B86BBAB6109E}.Release|Any CPU.Build.0 = Release|Any CPU
		{276CEEC2-6833-48CA-B026-06A8529FB0E5}.Debug|Any CPU.ActiveCfg = Debug|Any CPU
		{276CEEC2-6833-48CA-B026-06A8529FB0E5}.Debug|Any CPU.Build.0 = Debug|Any CPU
		{276CEEC2-6833-48CA-B026-06A8529FB0E5}.Release|Any CPU.ActiveCfg = Release|Any CPU
		{276CEEC2-6833-48CA-B026-06A8529FB0E5}.Release|Any CPU.Build.0 = Release|Any CPU
	EndGlobalSection
	GlobalSection(SolutionProperties) = preSolution
		HideSolutionNode = FALSE
	EndGlobalSection
EndGlobal
